
Microsoft Visual Studio Solution File, Format Version 12.00
# Visual Studio Version 16
VisualStudioVersion = 16.0.32002.261
MinimumVisualStudioVersion = 10.0.40219.1
Project("{FAE04EC0-301F-11D3-BF4B-00C04F79EFBC}") = "Pract19.Android", "Pract19.Android\Pract19.Android.csproj", "{42BD696C-179A-4171-8A2C-D82DCFD030E2}"
EndProject
Project("{FAE04EC0-301F-11D3-BF4B-00C04F79EFBC}") = "Pract19.iOS", "Pract19.iOS\Pract19.iOS.csproj", "{0C837356-4CDB-4964-9124-6CD269A7B66B}"
EndProject
Project("{FAE04EC0-301F-11D3-BF4B-00C04F79EFBC}") = "Pract19", "Pract19\Pract19.csproj", "{A741806C-9F64-4F2A-AEB5-AED8C250305E}"
EndProject
Global
	GlobalSection(SolutionConfigurationPlatforms) = preSolution
		Debug|Any CPU = Debug|Any CPU
		Debug|iPhone = Debug|iPhone
		Debug|iPhoneSimulator = Debug|iPhoneSimulator
		Release|Any CPU = Release|Any CPU
		Release|iPhone = Release|iPhone
		Release|iPhoneSimulator = Release|iPhoneSimulator
	EndGlobalSection
	GlobalSection(ProjectConfigurationPlatforms) = postSolution
		{42BD696C-179A-4171-8A2C-D82DCFD030E2}.Debug|Any CPU.ActiveCfg = Debug|Any CPU
		{42BD696C-179A-4171-8A2C-D82DCFD030E2}.Debug|Any CPU.Build.0 = Debug|Any CPU
		{42BD696C-179A-4171-8A2C-D82DCFD030E2}.Debug|Any CPU.Deploy.0 = Debug|Any CPU
		{42BD696C-179A-4171-8A2C-D82DCFD030E2}.Debug|iPhone.ActiveCfg = Debug|Any CPU
		{42BD696C-179A-4171-8A2C-D82DCFD030E2}.Debug|iPhone.Build.0 = Debug|Any CPU
		{42BD696C-179A-4171-8A2C-D82DCFD030E2}.Debug|iPhone.Deploy.0 = Debug|Any CPU
		{42BD696C-179A-4171-8A2C-D82DCFD030E2}.Debug|iPhoneSimulator.ActiveCfg = Debug|Any CPU
		{42BD696C-179A-4171-8A2C-D82DCFD030E2}.Debug|iPhoneSimulator.Build.0 = Debug|Any CPU
		{42BD696C-179A-4171-8A2C-D82DCFD030E2}.Debug|iPhoneSimulator.Deploy.0 = Debug|Any CPU
		{42BD696C-179A-4171-8A2C-D82DCFD030E2}.Release|Any CPU.ActiveCfg = Release|Any CPU
		{42BD696C-179A-4171-8A2C-D82DCFD030E2}.Release|Any CPU.Build.0 = Release|Any CPU
		{42BD696C-179A-4171-8A2C-D82DCFD030E2}.Release|Any CPU.Deploy.0 = Release|Any CPU
		{42BD696C-179A-4171-8A2C-D82DCFD030E2}.Release|iPhone.ActiveCfg = Release|Any CPU
		{42BD696C-179A-4171-8A2C-D82DCFD030E2}.Release|iPhone.Build.0 = Release|Any CPU
		{42BD696C-179A-4171-8A2C-D82DCFD030E2}.Release|iPhone.Deploy.0 = Release|Any CPU
		{42BD696C-179A-4171-8A2C-D82DCFD030E2}.Release|iPhoneSimulator.ActiveCfg = Release|Any CPU
		{42BD696C-179A-4171-8A2C-D82DCFD030E2}.Release|iPhoneSimulator.Build.0 = Release|Any CPU
		{42BD696C-179A-4171-8A2C-D82DCFD030E2}.Release|iPhoneSimulator.Deploy.0 = Release|Any CPU
		{0C837356-4CDB-4964-9124-6CD269A7B66B}.Debug|Any CPU.ActiveCfg = Debug|iPhone
		{0C837356-4CDB-4964-9124-6CD269A7B66B}.Debug|Any CPU.Build.0 = Debug|iPhone
		{0C837356-4CDB-4964-9124-6CD269A7B66B}.Debug|Any CPU.Deploy.0 = Debug|iPhone
		{0C837356-4CDB-4964-9124-6CD269A7B66B}.Debug|iPhone.ActiveCfg = Debug|iPhone
		{0C837356-4CDB-4964-9124-6CD269A7B66B}.Debug|iPhone.Build.0 = Debug|iPhone
		{0C837356-4CDB-4964-9124-6CD269A7B66B}.Debug|iPhone.Deploy.0 = Debug|iPhone
		{0C837356-4CDB-4964-9124-6CD269A7B66B}.Debug|iPhoneSimulator.ActiveCfg = Debug|iPhoneSimulator
		{0C837356-4CDB-4964-9124-6CD269A7B66B}.Debug|iPhoneSimulator.Build.0 = Debug|iPhoneSimulator
		{0C837356-4CDB-4964-9124-6CD269A7B66B}.Debug|iPhoneSimulator.Deploy.0 = Debug|iPhoneSimulator
		{0C837356-4CDB-4964-9124-6CD269A7B66B}.Release|Any CPU.ActiveCfg = Release|iPhoneSimulator
		{0C837356-4CDB-4964-9124-6CD269A7B66B}.Release|Any CPU.Build.0 = Release|iPhoneSimulator
		{0C837356-4CDB-4964-9124-6CD269A7B66B}.Release|Any CPU.Deploy.0 = Release|iPhoneSimulator
		{0C837356-4CDB-4964-9124-6CD269A7B66B}.Release|iPhone.ActiveCfg = Release|iPhone
		{0C837356-4CDB-4964-9124-6CD269A7B66B}.Release|iPhone.Build.0 = Release|iPhone
		{0C837356-4CDB-4964-9124-6CD269A7B66B}.Release|iPhone.Deploy.0 = Release|iPhone
		{0C837356-4CDB-4964-9124-6CD269A7B66B}.Release|iPhoneSimulator.ActiveCfg = Release|iPhoneSimulator
		{0C837356-4CDB-4964-9124-6CD269A7B66B}.Release|iPhoneSimulator.Build.0 = Release|iPhoneSimulator
		{0C837356-4CDB-4964-9124-6CD269A7B66B}.Release|iPhoneSimulator.Deploy.0 = Release|iPhoneSimulator
		{A741806C-9F64-4F2A-AEB5-AED8C250305E}.Debug|Any CPU.ActiveCfg = Debug|Any CPU
		{A741806C-9F64-4F2A-AEB5-AED8C250305E}.Debug|Any CPU.Build.0 = Debug|Any CPU
		{A741806C-9F64-4F2A-AEB5-AED8C250305E}.Debug|Any CPU.Deploy.0 = Debug|Any CPU
		{A741806C-9F64-4F2A-AEB5-AED8C250305E}.Debug|iPhone.ActiveCfg = Debug|Any CPU
		{A741806C-9F64-4F2A-AEB5-AED8C250305E}.Debug|iPhone.Build.0 = Debug|Any CPU
		{A741806C-9F64-4F2A-AEB5-AED8C250305E}.Debug|iPhone.Deploy.0 = Debug|Any CPU
		{A741806C-9F64-4F2A-AEB5-AED8C250305E}.Debug|iPhoneSimulator.ActiveCfg = Debug|Any CPU
		{A741806C-9F64-4F2A-AEB5-AED8C250305E}.Debug|iPhoneSimulator.Build.0 = Debug|Any CPU
		{A741806C-9F64-4F2A-AEB5-AED8C250305E}.Debug|iPhoneSimulator.Deploy.0 = Debug|Any CPU
		{A741806C-9F64-4F2A-AEB5-AED8C250305E}.Release|Any CPU.ActiveCfg = Release|Any CPU
		{A741806C-9F64-4F2A-AEB5-AED8C250305E}.Release|Any CPU.Build.0 = Release|Any CPU
		{A741806C-9F64-4F2A-AEB5-AED8C250305E}.Release|Any CPU.Deploy.0 = Release|Any CPU
		{A741806C-9F64-4F2A-AEB5-AED8C250305E}.Release|iPhone.ActiveCfg = Release|Any CPU
		{A741806C-9F64-4F2A-AEB5-AED8C250305E}.Release|iPhone.Build.0 = Release|Any CPU
		{A741806C-9F64-4F2A-AEB5-AED8C250305E}.Release|iPhone.Deploy.0 = Release|Any CPU
		{A741806C-9F64-4F2A-AEB5-AED8C250305E}.Release|iPhoneSimulator.ActiveCfg = Release|Any CPU
		{A741806C-9F64-4F2A-AEB5-AED8C250305E}.Release|iPhoneSimulator.Build.0 = Release|Any CPU
		{A741806C-9F64-4F2A-AEB5-AED8C250305E}.Release|iPhoneSimulator.Deploy.0 = Release|Any CPU
	EndGlobalSection
	GlobalSection(SolutionProperties) = preSolution
		HideSolutionNode = FALSE
	EndGlobalSection
	GlobalSection(ExtensibilityGlobals) = postSolution
		SolutionGuid = {F777399A-F486-460C-9125-D7152459B309}
	EndGlobalSection
EndGlobal
